
Microsoft Visual Studio Solution File, Format Version 12.00
# Visual Studio Version 16
VisualStudioVersion = 16.0.30128.74
MinimumVisualStudioVersion = 10.0.40219.1
Project("{FAE04EC0-301F-11D3-BF4B-00C04F79EFBC}") = "EnderExtensions", "EnderExtensions\EnderExtensions.csproj", "{7F49B50B-60C4-4953-A482-9F52ED7CC5B2}"
EndProject
Project("{FAE04EC0-301F-11D3-BF4B-00C04F79EFBC}") = "EnderExtensionsVSTO", "EnderExtensionsVSTO\EnderExtensionsVSTO.csproj", "{208C1ABD-2545-4CE1-A569-E44A1B2AA94A}"
EndProject
Global
	GlobalSection(SolutionConfigurationPlatforms) = preSolution
		Debug|Any CPU = Debug|Any CPU
		Release|Any CPU = Release|Any CPU
	EndGlobalSection
	GlobalSection(ProjectConfigurationPlatforms) = postSolution
		{7F49B50B-60C4-4953-A482-9F52ED7CC5B2}.Debug|Any CPU.ActiveCfg = Debug|Any CPU
		{7F49B50B-60C4-4953-A482-9F52ED7CC5B2}.Debug|Any CPU.Build.0 = Debug|Any CPU
		{7F49B50B-60C4-4953-A482-9F52ED7CC5B2}.Debug|Any CPU.Deploy.0 = Debug|Any CPU
		{7F49B50B-60C4-4953-A482-9F52ED7CC5B2}.Release|Any CPU.ActiveCfg = Release|Any CPU
		{7F49B50B-60C4-4953-A482-9F52ED7CC5B2}.Release|Any CPU.Build.0 = Release|Any CPU
		{7F49B50B-60C4-4953-A482-9F52ED7CC5B2}.Release|Any CPU.Deploy.0 = Release|Any CPU
		{208C1ABD-2545-4CE1-A569-E44A1B2AA94A}.Debug|Any CPU.ActiveCfg = Debug|Any CPU
		{208C1ABD-2545-4CE1-A569-E44A1B2AA94A}.Debug|Any CPU.Build.0 = Debug|Any CPU
		{208C1ABD-2545-4CE1-A569-E44A1B2AA94A}.Release|Any CPU.ActiveCfg = Release|Any CPU
		{208C1ABD-2545-4CE1-A569-E44A1B2AA94A}.Release|Any CPU.Build.0 = Release|Any CPU
	EndGlobalSection
	GlobalSection(SolutionProperties) = preSolution
		HideSolutionNode = FALSE
	EndGlobalSection
	GlobalSection(ExtensibilityGlobals) = postSolution
		SolutionGuid = {672FC214-3040-46B5-9D01-95E1B2F6C2CD}
	EndGlobalSection
EndGlobal
